
Microsoft Visual Studio Solution File, Format Version 12.00
# Visual Studio Version 17
VisualStudioVersion = 17.5.33502.453
MinimumVisualStudioVersion = 10.0.40219.1
Project("{FAE04EC0-301F-11D3-BF4B-00C04F79EFBC}") = "Exercicio1", "Exercicio1\Exercicio1.csproj", "{EFD5F9D4-4F43-477D-8E4F-7F7D3C7E9F71}"
EndProject
Global
	GlobalSection(SolutionConfigurationPlatforms) = preSolution
		Debug|Any CPU = Debug|Any CPU
		Release|Any CPU = Release|Any CPU
	EndGlobalSection
	GlobalSection(ProjectConfigurationPlatforms) = postSolution
		{EFD5F9D4-4F43-477D-8E4F-7F7D3C7E9F71}.Debug|Any CPU.ActiveCfg = Debug|Any CPU
		{EFD5F9D4-4F43-477D-8E4F-7F7D3C7E9F71}.Debug|Any CPU.Build.0 = Debug|Any CPU
		{EFD5F9D4-4F43-477D-8E4F-7F7D3C7E9F71}.Release|Any CPU.ActiveCfg = Release|Any CPU
		{EFD5F9D4-4F43-477D-8E4F-7F7D3C7E9F71}.Release|Any CPU.Build.0 = Release|Any CPU
	EndGlobalSection
	GlobalSection(SolutionProperties) = preSolution
		HideSolutionNode = FALSE
	EndGlobalSection
	GlobalSection(ExtensibilityGlobals) = postSolution
		SolutionGuid = {9231A094-6DF1-444E-BBD8-CC4C345A0764}
	EndGlobalSection
EndGlobal
